
Microsoft Visual Studio Solution File, Format Version 12.00
# Visual Studio Version 16
VisualStudioVersion = 16.0.29009.5
MinimumVisualStudioVersion = 10.0.40219.1
Project("{9A19103F-16F7-4668-BE54-9A1E7A4F7556}") = "ConsoleApp1", "ConsoleApp1\ConsoleApp1.csproj", "{E3F587D5-4051-4C0C-AE80-14F93BEEB311}"
EndProject
Project("{9A19103F-16F7-4668-BE54-9A1E7A4F7556}") = "UnitTest", "UnitTestProject1\UnitTest.csproj", "{4B65E494-710D-4DC7-9A42-7FABD918D2C4}"
EndProject
Global
	GlobalSection(SolutionConfigurationPlatforms) = preSolution
		Debug|Any CPU = Debug|Any CPU
		Release|Any CPU = Release|Any CPU
	EndGlobalSection
	GlobalSection(ProjectConfigurationPlatforms) = postSolution
		{E3F587D5-4051-4C0C-AE80-14F93BEEB311}.Debug|Any CPU.ActiveCfg = Debug|Any CPU
		{E3F587D5-4051-4C0C-AE80-14F93BEEB311}.Debug|Any CPU.Build.0 = Debug|Any CPU
		{E3F587D5-4051-4C0C-AE80-14F93BEEB311}.Release|Any CPU.ActiveCfg = Release|Any CPU
		{E3F587D5-4051-4C0C-AE80-14F93BEEB311}.Release|Any CPU.Build.0 = Release|Any CPU
		{4B65E494-710D-4DC7-9A42-7FABD918D2C4}.Debug|Any CPU.ActiveCfg = Debug|Any CPU
		{4B65E494-710D-4DC7-9A42-7FABD918D2C4}.Debug|Any CPU.Build.0 = Debug|Any CPU
		{4B65E494-710D-4DC7-9A42-7FABD918D2C4}.Release|Any CPU.ActiveCfg = Release|Any CPU
		{4B65E494-710D-4DC7-9A42-7FABD918D2C4}.Release|Any CPU.Build.0 = Release|Any CPU
	EndGlobalSection
	GlobalSection(SolutionProperties) = preSolution
		HideSolutionNode = FALSE
	EndGlobalSection
	GlobalSection(ExtensibilityGlobals) = postSolution
		SolutionGuid = {0A0001A0-2456-44CD-9025-EBD58534E02B}
	EndGlobalSection
EndGlobal
