
Microsoft Visual Studio Solution File, Format Version 12.00
# Visual Studio 15
VisualStudioVersion = 15.0.26124.0
MinimumVisualStudioVersion = 15.0.26124.0
Project("{2150E333-8FDC-42A3-9474-1A3956D46DE8}") = "BackEnd", "BackEnd", "{987EA8CC-B8B2-4A04-97EB-F0F29DD096BC}"
EndProject
Project("{FAE04EC0-301F-11D3-BF4B-00C04F79EFBC}") = "OnScreenKeyboard.Logic", "BackEnd\OnScreenKeyboard.Logic\OnScreenKeyboard.Logic.csproj", "{83812D7D-871C-4786-B9F2-91DB315721E0}"
EndProject
Project("{2150E333-8FDC-42A3-9474-1A3956D46DE8}") = "FrontEnd", "FrontEnd", "{9C3F1701-A97C-4BDA-8DCA-354E391F635A}"
EndProject
Project("{FAE04EC0-301F-11D3-BF4B-00C04F79EFBC}") = "MapToKeyboardInput", "FrontEnd\MapToKeyboardInput\MapToKeyboardInput.csproj", "{7565402E-00FD-468B-9DD1-4AFE8101DECF}"
EndProject
Project("{2150E333-8FDC-42A3-9474-1A3956D46DE8}") = "Tests", "Tests", "{798031D8-B876-4BDA-B7C1-A4760B18CC20}"
EndProject
Project("{FAE04EC0-301F-11D3-BF4B-00C04F79EFBC}") = "LogicTests", "Tests\LogicTests\LogicTests.csproj", "{64B5B8B4-E012-4918-AFEE-5BA484C9920F}"
EndProject
Global
	GlobalSection(SolutionConfigurationPlatforms) = preSolution
		Debug|Any CPU = Debug|Any CPU
		Debug|x64 = Debug|x64
		Debug|x86 = Debug|x86
		Release|Any CPU = Release|Any CPU
		Release|x64 = Release|x64
		Release|x86 = Release|x86
	EndGlobalSection
	GlobalSection(SolutionProperties) = preSolution
		HideSolutionNode = FALSE
	EndGlobalSection
	GlobalSection(ProjectConfigurationPlatforms) = postSolution
		{83812D7D-871C-4786-B9F2-91DB315721E0}.Debug|Any CPU.ActiveCfg = Debug|Any CPU
		{83812D7D-871C-4786-B9F2-91DB315721E0}.Debug|Any CPU.Build.0 = Debug|Any CPU
		{83812D7D-871C-4786-B9F2-91DB315721E0}.Debug|x64.ActiveCfg = Debug|x64
		{83812D7D-871C-4786-B9F2-91DB315721E0}.Debug|x64.Build.0 = Debug|x64
		{83812D7D-871C-4786-B9F2-91DB315721E0}.Debug|x86.ActiveCfg = Debug|x86
		{83812D7D-871C-4786-B9F2-91DB315721E0}.Debug|x86.Build.0 = Debug|x86
		{83812D7D-871C-4786-B9F2-91DB315721E0}.Release|Any CPU.ActiveCfg = Release|Any CPU
		{83812D7D-871C-4786-B9F2-91DB315721E0}.Release|Any CPU.Build.0 = Release|Any CPU
		{83812D7D-871C-4786-B9F2-91DB315721E0}.Release|x64.ActiveCfg = Release|x64
		{83812D7D-871C-4786-B9F2-91DB315721E0}.Release|x64.Build.0 = Release|x64
		{83812D7D-871C-4786-B9F2-91DB315721E0}.Release|x86.ActiveCfg = Release|x86
		{83812D7D-871C-4786-B9F2-91DB315721E0}.Release|x86.Build.0 = Release|x86
		{7565402E-00FD-468B-9DD1-4AFE8101DECF}.Debug|Any CPU.ActiveCfg = Debug|Any CPU
		{7565402E-00FD-468B-9DD1-4AFE8101DECF}.Debug|Any CPU.Build.0 = Debug|Any CPU
		{7565402E-00FD-468B-9DD1-4AFE8101DECF}.Debug|x64.ActiveCfg = Debug|x64
		{7565402E-00FD-468B-9DD1-4AFE8101DECF}.Debug|x64.Build.0 = Debug|x64
		{7565402E-00FD-468B-9DD1-4AFE8101DECF}.Debug|x86.ActiveCfg = Debug|x86
		{7565402E-00FD-468B-9DD1-4AFE8101DECF}.Debug|x86.Build.0 = Debug|x86
		{7565402E-00FD-468B-9DD1-4AFE8101DECF}.Release|Any CPU.ActiveCfg = Release|Any CPU
		{7565402E-00FD-468B-9DD1-4AFE8101DECF}.Release|Any CPU.Build.0 = Release|Any CPU
		{7565402E-00FD-468B-9DD1-4AFE8101DECF}.Release|x64.ActiveCfg = Release|x64
		{7565402E-00FD-468B-9DD1-4AFE8101DECF}.Release|x64.Build.0 = Release|x64
		{7565402E-00FD-468B-9DD1-4AFE8101DECF}.Release|x86.ActiveCfg = Release|x86
		{7565402E-00FD-468B-9DD1-4AFE8101DECF}.Release|x86.Build.0 = Release|x86
		{64B5B8B4-E012-4918-AFEE-5BA484C9920F}.Debug|Any CPU.ActiveCfg = Debug|Any CPU
		{64B5B8B4-E012-4918-AFEE-5BA484C9920F}.Debug|Any CPU.Build.0 = Debug|Any CPU
		{64B5B8B4-E012-4918-AFEE-5BA484C9920F}.Debug|x64.ActiveCfg = Debug|x64
		{64B5B8B4-E012-4918-AFEE-5BA484C9920F}.Debug|x64.Build.0 = Debug|x64
		{64B5B8B4-E012-4918-AFEE-5BA484C9920F}.Debug|x86.ActiveCfg = Debug|x86
		{64B5B8B4-E012-4918-AFEE-5BA484C9920F}.Debug|x86.Build.0 = Debug|x86
		{64B5B8B4-E012-4918-AFEE-5BA484C9920F}.Release|Any CPU.ActiveCfg = Release|Any CPU
		{64B5B8B4-E012-4918-AFEE-5BA484C9920F}.Release|Any CPU.Build.0 = Release|Any CPU
		{64B5B8B4-E012-4918-AFEE-5BA484C9920F}.Release|x64.ActiveCfg = Release|x64
		{64B5B8B4-E012-4918-AFEE-5BA484C9920F}.Release|x64.Build.0 = Release|x64
		{64B5B8B4-E012-4918-AFEE-5BA484C9920F}.Release|x86.ActiveCfg = Release|x86
		{64B5B8B4-E012-4918-AFEE-5BA484C9920F}.Release|x86.Build.0 = Release|x86
	EndGlobalSection
	GlobalSection(NestedProjects) = preSolution
		{83812D7D-871C-4786-B9F2-91DB315721E0} = {987EA8CC-B8B2-4A04-97EB-F0F29DD096BC}
		{7565402E-00FD-468B-9DD1-4AFE8101DECF} = {9C3F1701-A97C-4BDA-8DCA-354E391F635A}
		{64B5B8B4-E012-4918-AFEE-5BA484C9920F} = {798031D8-B876-4BDA-B7C1-A4760B18CC20}
	EndGlobalSection
EndGlobal
